{
  "name": "DCacheZzjDemo",
  "version": "1.0.0",
  "lockfileVersion": 1,
  "requires": true,
  "dependencies": {
    "@taf/taf-config-parser": {
      "version": "0.1.1",
      "resolved": "http://172.16.8.152:7001/@taf/taf-config-parser/download/@taf/taf-config-parser-0.1.1.tgz",
      "integrity": "sha1-Nc/QNxLKBOxBua9F+ZObQ9u0m10=",
      "requires": {
        "@taf/taf-utils": "^1.1.1"
      },
      "dependencies": {
        "@taf/taf-utils": {
          "version": "1.1.1",
          "resolved": "http://172.16.8.152:7001/@taf/taf-utils/download/@taf/taf-utils-1.1.1.tgz",
          "integrity": "sha1-nI5OSK/eBtcT35P54d8Jgi+xgts="
        }
      }
    },
    "@taf/taf-dcache-helper": {
      "version": "2.0.5",
      "resolved": "http://172.16.8.152:7001/@taf/taf-dcache-helper/download/@taf/taf-dcache-helper-2.0.5.tgz",
      "integrity": "sha1-3jN5R9j/sFqfYTIVDpbDTGTXdX4=",
      "requires": {
        "@taf/taf-rpc": "^3.1.4",
        "@taf/taf-stream": "^4.0.0",
        "q": "^1.4.1"
      }
    },
    "@taf/taf-dyeing": {
      "version": "0.1.1",
      "resolved": "http://172.16.8.152:7001/@taf/taf-dyeing/download/@taf/taf-dyeing-0.1.1.tgz",
      "integrity": "sha1-UKwrLSzCFKVmW7bWSPqAyczo7Ik="
    },
    "@taf/taf-monitor": {
      "version": "0.3.2",
      "resolved": "http://172.16.8.152:7001/@taf/taf-monitor/download/@taf/taf-monitor-0.3.2.tgz",
      "integrity": "sha1-gwhpAtUg6CMpWO6QQDgti6F08Bs=",
      "requires": {
        "@taf/taf-config-parser": "^0.1.1",
        "@taf/taf-rpc": "^3.1.14",
        "@taf/taf-stream": "^4.0.8"
      },
      "dependencies": {
        "@taf/taf-rpc": {
          "version": "3.1.14",
          "resolved": "http://172.16.8.152:7001/@taf/taf-rpc/download/@taf/taf-rpc-3.1.14.tgz",
          "integrity": "sha1-hlwr5nEZHXJ0iRhxpb0fyVdX220=",
          "requires": {
            "@taf/taf-dyeing": "^0.1.1",
            "@taf/taf-monitor": "^0.3.2",
            "@taf/taf-registry": "^1.2.5",
            "@taf/taf-rpc-jce": "^3.1.3",
            "@taf/taf-utils": "^1.1.1",
            "q": "^1.4.1"
          }
        },
        "@taf/taf-stream": {
          "version": "4.0.8",
          "resolved": "http://172.16.8.152:7001/@taf/taf-stream/download/@taf/taf-stream-4.0.8.tgz",
          "integrity": "sha1-BfchHF3cTK4R3WeA6cBtUqFW1NU="
        }
      }
    },
    "@taf/taf-registry": {
      "version": "1.2.5",
      "resolved": "http://172.16.8.152:7001/@taf/taf-registry/download/@taf/taf-registry-1.2.5.tgz",
      "integrity": "sha1-L4If/t9hqKBZonYe7Uboo0ktGGs=",
      "requires": {
        "@taf/taf-rpc": "^3.1.14",
        "@taf/taf-stream": "^4.0.8"
      },
      "dependencies": {
        "@taf/taf-rpc": {
          "version": "3.1.14",
          "resolved": "http://172.16.8.152:7001/@taf/taf-rpc/download/@taf/taf-rpc-3.1.14.tgz",
          "integrity": "sha1-hlwr5nEZHXJ0iRhxpb0fyVdX220=",
          "requires": {
            "@taf/taf-dyeing": "^0.1.1",
            "@taf/taf-monitor": "^0.3.2",
            "@taf/taf-registry": "^1.2.5",
            "@taf/taf-rpc-jce": "^3.1.3",
            "@taf/taf-utils": "^1.1.1",
            "q": "^1.4.1"
          }
        },
        "@taf/taf-stream": {
          "version": "4.0.8",
          "resolved": "http://172.16.8.152:7001/@taf/taf-stream/download/@taf/taf-stream-4.0.8.tgz",
          "integrity": "sha1-BfchHF3cTK4R3WeA6cBtUqFW1NU="
        }
      }
    },
    "@taf/taf-rpc": {
      "version": "3.1.14",
      "resolved": "http://172.16.8.152:7001/@taf/taf-rpc/download/@taf/taf-rpc-3.1.14.tgz",
      "integrity": "sha1-hlwr5nEZHXJ0iRhxpb0fyVdX220=",
      "requires": {
        "@taf/taf-dyeing": "^0.1.1",
        "@taf/taf-monitor": "^0.3.2",
        "@taf/taf-registry": "^1.2.5",
        "@taf/taf-rpc-jce": "^3.1.3",
        "@taf/taf-utils": "^1.1.1",
        "q": "^1.4.1"
      }
    },
    "@taf/taf-rpc-jce": {
      "version": "3.1.3",
      "resolved": "http://172.16.8.152:7001/@taf/taf-rpc-jce/download/@taf/taf-rpc-jce-3.1.3.tgz",
      "integrity": "sha1-A7OQt6VBdJrmH5Al5Ce4idN03SQ=",
      "requires": {
        "@taf/taf-stream": "^4.0.8"
      },
      "dependencies": {
        "@taf/taf-stream": {
          "version": "4.0.8",
          "resolved": "http://172.16.8.152:7001/@taf/taf-stream/download/@taf/taf-stream-4.0.8.tgz",
          "integrity": "sha1-BfchHF3cTK4R3WeA6cBtUqFW1NU="
        }
      }
    },
    "@taf/taf-stream": {
      "version": "4.0.8",
      "resolved": "http://172.16.8.152:7001/@taf/taf-stream/download/@taf/taf-stream-4.0.8.tgz",
      "integrity": "sha1-BfchHF3cTK4R3WeA6cBtUqFW1NU="
    },
    "@taf/taf-utils": {
      "version": "1.1.1",
      "resolved": "http://172.16.8.152:7001/@taf/taf-utils/download/@taf/taf-utils-1.1.1.tgz",
      "integrity": "sha1-nI5OSK/eBtcT35P54d8Jgi+xgts="
    },
    "q": {
      "version": "1.5.1",
      "resolved": "http://172.16.8.152:7001/q/download/q-1.5.1.tgz",
      "integrity": "sha1-fjL3W0E4EpHQRhHxvxQQmsAGUdc="
    }
  }
}
